// !$*UTF8*$!
{
	archiveVersion = 1;
	classes = {
	};
	objectVersion = 50;
	objects = {

/* Begin PBXBuildFile section */
		BFBBB93824B3AEB300906894 /* Tests_iOS.swift in Sources */ = {isa = PBXBuildFile; fileRef = BFBBB93724B3AEB300906894 /* Tests_iOS.swift */; };
		BFBBB94324B3AEB300906894 /* Tests_macOS.swift in Sources */ = {isa = PBXBuildFile; fileRef = BFBBB94224B3AEB300906894 /* Tests_macOS.swift */; };
		BFBBB94524B3AEB300906894 /* goshinAppApp.swift in Sources */ = {isa = PBXBuildFile; fileRef = BFBBB91C24B3AEB200906894 /* goshinAppApp.swift */; };
		BFBBB94624B3AEB300906894 /* goshinAppApp.swift in Sources */ = {isa = PBXBuildFile; fileRef = BFBBB91C24B3AEB200906894 /* goshinAppApp.swift */; };
		BFBBB94724B3AEB300906894 /* ContentView.swift in Sources */ = {isa = PBXBuildFile; fileRef = BFBBB91D24B3AEB200906894 /* ContentView.swift */; };
		BFBBB94824B3AEB300906894 /* ContentView.swift in Sources */ = {isa = PBXBuildFile; fileRef = BFBBB91D24B3AEB200906894 /* ContentView.swift */; };
		BFBBB94924B3AEB300906894 /* Assets.xcassets in Resources */ = {isa = PBXBuildFile; fileRef = BFBBB91E24B3AEB300906894 /* Assets.xcassets */; };
		BFBBB94A24B3AEB300906894 /* Assets.xcassets in Resources */ = {isa = PBXBuildFile; fileRef = BFBBB91E24B3AEB300906894 /* Assets.xcassets */; };
		BFBBB95A24B3AF5D00906894 /* Technique.swift in Sources */ = {isa = PBXBuildFile; fileRef = BFBBB95924B3AF5D00906894 /* Technique.swift */; };
		BFBBB95B24B3AF5D00906894 /* Technique.swift in Sources */ = {isa = PBXBuildFile; fileRef = BFBBB95924B3AF5D00906894 /* Technique.swift */; };
		BFBBB95D24B3B69F00906894 /* techniqueDetail.swift in Sources */ = {isa = PBXBuildFile; fileRef = BFBBB95C24B3B69F00906894 /* techniqueDetail.swift */; };
		BFBBB95E24B3B69F00906894 /* techniqueDetail.swift in Sources */ = {isa = PBXBuildFile; fileRef = BFBBB95C24B3B69F00906894 /* techniqueDetail.swift */; };
/* End PBXBuildFile section */

/* Begin PBXContainerItemProxy section */
		BFBBB93424B3AEB300906894 /* PBXContainerItemProxy */ = {
			isa = PBXContainerItemProxy;
			containerPortal = BFBBB91724B3AEB200906894 /* Project object */;
			proxyType = 1;
			remoteGlobalIDString = BFBBB92224B3AEB300906894;
			remoteInfo = iOS;
		};
		BFBBB93F24B3AEB300906894 /* PBXContainerItemProxy */ = {
			isa = PBXContainerItemProxy;
			containerPortal = BFBBB91724B3AEB200906894 /* Project object */;
			proxyType = 1;
			remoteGlobalIDString = BFBBB92A24B3AEB300906894;
			remoteInfo = macOS;
		};
/* End PBXContainerItemProxy section */

/* Begin PBXFileReference section */
		BFBBB91C24B3AEB200906894 /* goshinAppApp.swift */ = {isa = PBXFileReference; lastKnownFileType = sourcecode.swift; path = goshinAppApp.swift; sourceTree = "<group>"; };
		BFBBB91D24B3AEB200906894 /* ContentView.swift */ = {isa = PBXFileReference; lastKnownFileType = sourcecode.swift; path = ContentView.swift; sourceTree = "<group>"; };
		BFBBB91E24B3AEB300906894 /* Assets.xcassets */ = {isa = PBXFileReference; lastKnownFileType = folder.assetcatalog; path = Assets.xcassets; sourceTree = "<group>"; };
		BFBBB92324B3AEB300906894 /* goshinApp.app */ = {isa = PBXFileReference; explicitFileType = wrapper.application; includeInIndex = 0; path = goshinApp.app; sourceTree = BUILT_PRODUCTS_DIR; };
		BFBBB92624B3AEB300906894 /* Info.plist */ = {isa = PBXFileReference; lastKnownFileType = text.plist.xml; path = Info.plist; sourceTree = "<group>"; };
		BFBBB92B24B3AEB300906894 /* goshinApp.app */ = {isa = PBXFileReference; explicitFileType = wrapper.application; includeInIndex = 0; path = goshinApp.app; sourceTree = BUILT_PRODUCTS_DIR; };
		BFBBB92D24B3AEB300906894 /* Info.plist */ = {isa = PBXFileReference; lastKnownFileType = text.plist.xml; path = Info.plist; sourceTree = "<group>"; };
		BFBBB92E24B3AEB300906894 /* macOS.entitlements */ = {isa = PBXFileReference; lastKnownFileType = text.plist.entitlements; path = macOS.entitlements; sourceTree = "<group>"; };
		BFBBB93324B3AEB300906894 /* Tests iOS.xctest */ = {isa = PBXFileReference; explicitFileType = wrapper.cfbundle; includeInIndex = 0; path = "Tests iOS.xctest"; sourceTree = BUILT_PRODUCTS_DIR; };
		BFBBB93724B3AEB300906894 /* Tests_iOS.swift */ = {isa = PBXFileReference; lastKnownFileType = sourcecode.swift; path = Tests_iOS.swift; sourceTree = "<group>"; };
		BFBBB93924B3AEB300906894 /* Info.plist */ = {isa = PBXFileReference; lastKnownFileType = text.plist.xml; path = Info.plist; sourceTree = "<group>"; };
		BFBBB93E24B3AEB300906894 /* Tests macOS.xctest */ = {isa = PBXFileReference; explicitFileType = wrapper.cfbundle; includeInIndex = 0; path = "Tests macOS.xctest"; sourceTree = BUILT_PRODUCTS_DIR; };
		BFBBB94224B3AEB300906894 /* Tests_macOS.swift */ = {isa = PBXFileReference; lastKnownFileType = sourcecode.swift; path = Tests_macOS.swift; sourceTree = "<group>"; };
		BFBBB94424B3AEB300906894 /* Info.plist */ = {isa = PBXFileReference; lastKnownFileType = text.plist.xml; path = Info.plist; sourceTree = "<group>"; };
		BFBBB95924B3AF5D00906894 /* Technique.swift */ = {isa = PBXFileReference; lastKnownFileType = sourcecode.swift; path = Technique.swift; sourceTree = "<group>"; };
		BFBBB95C24B3B69F00906894 /* techniqueDetail.swift */ = {isa = PBXFileReference; lastKnownFileType = sourcecode.swift; path = techniqueDetail.swift; sourceTree = "<group>"; };
/* End PBXFileReference section */

/* Begin PBXFrameworksBuildPhase section */
		BFBBB92024B3AEB300906894 /* Frameworks */ = {
			isa = PBXFrameworksBuildPhase;
			buildActionMask = 2147483647;
			files = (
			);
			runOnlyForDeploymentPostprocessing = 0;
		};
		BFBBB92824B3AEB300906894 /* Frameworks */ = {
			isa = PBXFrameworksBuildPhase;
			buildActionMask = 2147483647;
			files = (
			);
			runOnlyForDeploymentPostprocessing = 0;
		};
		BFBBB93024B3AEB300906894 /* Frameworks */ = {
			isa = PBXFrameworksBuildPhase;
			buildActionMask = 2147483647;
			files = (
			);
			runOnlyForDeploymentPostprocessing = 0;
		};
		BFBBB93B24B3AEB300906894 /* Frameworks */ = {
			isa = PBXFrameworksBuildPhase;
			buildActionMask = 2147483647;
			files = (
			);
			runOnlyForDeploymentPostprocessing = 0;
		};
/* End PBXFrameworksBuildPhase section */

/* Begin PBXGroup section */
		BFBBB91624B3AEB200906894 = {
			isa = PBXGroup;
			children = (
				BFBBB91B24B3AEB200906894 /* Shared */,
				BFBBB92524B3AEB300906894 /* iOS */,
				BFBBB92C24B3AEB300906894 /* macOS */,
				BFBBB93624B3AEB300906894 /* Tests iOS */,
				BFBBB94124B3AEB300906894 /* Tests macOS */,
				BFBBB92424B3AEB300906894 /* Products */,
			);
			sourceTree = "<group>";
		};
		BFBBB91B24B3AEB200906894 /* Shared */ = {
			isa = PBXGroup;
			children = (
				BFBBB91C24B3AEB200906894 /* goshinAppApp.swift */,
				BFBBB91D24B3AEB200906894 /* ContentView.swift */,
				BFBBB95C24B3B69F00906894 /* techniqueDetail.swift */,
				BFBBB95924B3AF5D00906894 /* Technique.swift */,
				BFBBB91E24B3AEB300906894 /* Assets.xcassets */,
			);
			path = Shared;
			sourceTree = "<group>";
		};
		BFBBB92424B3AEB300906894 /* Products */ = {
			isa = PBXGroup;
			children = (
				BFBBB92324B3AEB300906894 /* goshinApp.app */,
				BFBBB92B24B3AEB300906894 /* goshinApp.app */,
				BFBBB93324B3AEB300906894 /* Tests iOS.xctest */,
				BFBBB93E24B3AEB300906894 /* Tests macOS.xctest */,
			);
			name = Products;
			sourceTree = "<group>";
		};
		BFBBB92524B3AEB300906894 /* iOS */ = {
			isa = PBXGroup;
			children = (
				BFBBB92624B3AEB300906894 /* Info.plist */,
			);
			path = iOS;
			sourceTree = "<group>";
		};
		BFBBB92C24B3AEB300906894 /* macOS */ = {
			isa = PBXGroup;
			children = (
				BFBBB92D24B3AEB300906894 /* Info.plist */,
				BFBBB92E24B3AEB300906894 /* macOS.entitlements */,
			);
			path = macOS;
			sourceTree = "<group>";
		};
		BFBBB93624B3AEB300906894 /* Tests iOS */ = {
			isa = PBXGroup;
			children = (
				BFBBB93724B3AEB300906894 /* Tests_iOS.swift */,
				BFBBB93924B3AEB300906894 /* Info.plist */,
			);
			path = "Tests iOS";
			sourceTree = "<group>";
		};
		BFBBB94124B3AEB300906894 /* Tests macOS */ = {
			isa = PBXGroup;
			children = (
				BFBBB94224B3AEB300906894 /* Tests_macOS.swift */,
				BFBBB94424B3AEB300906894 /* Info.plist */,
			);
			path = "Tests macOS";
			sourceTree = "<group>";
		};
/* End PBXGroup section */

/* Begin PBXNativeTarget section */
		BFBBB92224B3AEB300906894 /* iOS */ = {
			isa = PBXNativeTarget;
			buildConfigurationList = BFBBB94D24B3AEB300906894 /* Build configuration list for PBXNativeTarget "iOS" */;
			buildPhases = (
				BFBBB91F24B3AEB300906894 /* Sources */,
				BFBBB92024B3AEB300906894 /* Frameworks */,
				BFBBB92124B3AEB300906894 /* Resources */,
			);
			buildRules = (
			);
			dependencies = (
			);
			name = iOS;
			productName = iOS;
			productReference = BFBBB92324B3AEB300906894 /* goshinApp.app */;
			productType = "com.apple.product-type.application";
		};
		BFBBB92A24B3AEB300906894 /* macOS */ = {
			isa = PBXNativeTarget;
			buildConfigurationList = BFBBB95024B3AEB300906894 /* Build configuration list for PBXNativeTarget "macOS" */;
			buildPhases = (
				BFBBB92724B3AEB300906894 /* Sources */,
				BFBBB92824B3AEB300906894 /* Frameworks */,
				BFBBB92924B3AEB300906894 /* Resources */,
			);
			buildRules = (
			);
			dependencies = (
			);
			name = macOS;
			productName = macOS;
			productReference = BFBBB92B24B3AEB300906894 /* goshinApp.app */;
			productType = "com.apple.product-type.application";
		};
		BFBBB93224B3AEB300906894 /* Tests iOS */ = {
			isa = PBXNativeTarget;
			buildConfigurationList = BFBBB95324B3AEB300906894 /* Build configuration list for PBXNativeTarget "Tests iOS" */;
			buildPhases = (
				BFBBB92F24B3AEB300906894 /* Sources */,
				BFBBB93024B3AEB300906894 /* Frameworks */,
				BFBBB93124B3AEB300906894 /* Resources */,
			);
			buildRules = (
			);
			dependencies = (
				BFBBB93524B3AEB300906894 /* PBXTargetDependency */,
			);
			name = "Tests iOS";
			productName = "Tests iOS";
			productReference = BFBBB93324B3AEB300906894 /* Tests iOS.xctest */;
			productType = "com.apple.product-type.bundle.ui-testing";
		};
		BFBBB93D24B3AEB300906894 /* Tests macOS */ = {
			isa = PBXNativeTarget;
			buildConfigurationList = BFBBB95624B3AEB300906894 /* Build configuration list for PBXNativeTarget "Tests macOS" */;
			buildPhases = (
				BFBBB93A24B3AEB300906894 /* Sources */,
				BFBBB93B24B3AEB300906894 /* Frameworks */,
				BFBBB93C24B3AEB300906894 /* Resources */,
			);
			buildRules = (
			);
			dependencies = (
				BFBBB94024B3AEB300906894 /* PBXTargetDependency */,
			);
			name = "Tests macOS";
			productName = "Tests macOS";
			productReference = BFBBB93E24B3AEB300906894 /* Tests macOS.xctest */;
			productType = "com.apple.product-type.bundle.ui-testing";
		};
/* End PBXNativeTarget section */

/* Begin PBXProject section */
		BFBBB91724B3AEB200906894 /* Project object */ = {
			isa = PBXProject;
			attributes = {
				LastSwiftUpdateCheck = 1200;
				LastUpgradeCheck = 1200;
				TargetAttributes = {
					BFBBB92224B3AEB300906894 = {
						CreatedOnToolsVersion = 12.0;
					};
					BFBBB92A24B3AEB300906894 = {
						CreatedOnToolsVersion = 12.0;
					};
					BFBBB93224B3AEB300906894 = {
						CreatedOnToolsVersion = 12.0;
						TestTargetID = BFBBB92224B3AEB300906894;
					};
					BFBBB93D24B3AEB300906894 = {
						CreatedOnToolsVersion = 12.0;
						TestTargetID = BFBBB92A24B3AEB300906894;
					};
				};
			};
			buildConfigurationList = BFBBB91A24B3AEB200906894 /* Build configuration list for PBXProject "goshinApp" */;
			compatibilityVersion = "Xcode 9.3";
			developmentRegion = en;
			hasScannedForEncodings = 0;
			knownRegions = (
				en,
				Base,
			);
			mainGroup = BFBBB91624B3AEB200906894;
			productRefGroup = BFBBB92424B3AEB300906894 /* Products */;
			projectDirPath = "";
			projectRoot = "";
			targets = (
				BFBBB92224B3AEB300906894 /* iOS */,
				BFBBB92A24B3AEB300906894 /* macOS */,
				BFBBB93224B3AEB300906894 /* Tests iOS */,
				BFBBB93D24B3AEB300906894 /* Tests macOS */,
			);
		};
/* End PBXProject section */

/* Begin PBXResourcesBuildPhase section */
		BFBBB92124B3AEB300906894 /* Resources */ = {
			isa = PBXResourcesBuildPhase;
			buildActionMask = 2147483647;
			files = (
				BFBBB94924B3AEB300906894 /* Assets.xcassets in Resources */,
			);
			runOnlyForDeploymentPostprocessing = 0;
		};
		BFBBB92924B3AEB300906894 /* Resources */ = {
			isa = PBXResourcesBuildPhase;
			buildActionMask = 2147483647;
			files = (
				BFBBB94A24B3AEB300906894 /* Assets.xcassets in Resources */,
			);
			runOnlyForDeploymentPostprocessing = 0;
		};
		BFBBB93124B3AEB300906894 /* Resources */ = {
			isa = PBXResourcesBuildPhase;
			buildActionMask = 2147483647;
			files = (
			);
			runOnlyForDeploymentPostprocessing = 0;
		};
		BFBBB93C24B3AEB300906894 /* Resources */ = {
			isa = PBXResourcesBuildPhase;
			buildActionMask = 2147483647;
			files = (
			);
			runOnlyForDeploymentPostprocessing = 0;
		};
/* End PBXResourcesBuildPhase section */

/* Begin PBXSourcesBuildPhase section */
		BFBBB91F24B3AEB300906894 /* Sources */ = {
			isa = PBXSourcesBuildPhase;
			buildActionMask = 2147483647;
			files = (
				BFBBB95A24B3AF5D00906894 /* Technique.swift in Sources */,
				BFBBB95D24B3B69F00906894 /* techniqueDetail.swift in Sources */,
				BFBBB94724B3AEB300906894 /* ContentView.swift in Sources */,
				BFBBB94524B3AEB300906894 /* goshinAppApp.swift in Sources */,
			);
			runOnlyForDeploymentPostprocessing = 0;
		};
		BFBBB92724B3AEB300906894 /* Sources */ = {
			isa = PBXSourcesBuildPhase;
			buildActionMask = 2147483647;
			files = (
				BFBBB95B24B3AF5D00906894 /* Technique.swift in Sources */,
				BFBBB95E24B3B69F00906894 /* techniqueDetail.swift in Sources */,
				BFBBB94824B3AEB300906894 /* ContentView.swift in Sources */,
				BFBBB94624B3AEB300906894 /* goshinAppApp.swift in Sources */,
			);
			runOnlyForDeploymentPostprocessing = 0;
		};
		BFBBB92F24B3AEB300906894 /* Sources */ = {
			isa = PBXSourcesBuildPhase;
			buildActionMask = 2147483647;
			files = (
				BFBBB93824B3AEB300906894 /* Tests_iOS.swift in Sources */,
			);
			runOnlyForDeploymentPostprocessing = 0;
		};
		BFBBB93A24B3AEB300906894 /* Sources */ = {
			isa = PBXSourcesBuildPhase;
			buildActionMask = 2147483647;
			files = (
				BFBBB94324B3AEB300906894 /* Tests_macOS.swift in Sources */,
			);
			runOnlyForDeploymentPostprocessing = 0;
		};
/* End PBXSourcesBuildPhase section */

/* Begin PBXTargetDependency section */
		BFBBB93524B3AEB300906894 /* PBXTargetDependency */ = {
			isa = PBXTargetDependency;
			target = BFBBB92224B3AEB300906894 /* iOS */;
			targetProxy = BFBBB93424B3AEB300906894 /* PBXContainerItemProxy */;
		};
		BFBBB94024B3AEB300906894 /* PBXTargetDependency */ = {
			isa = PBXTargetDependency;
			target = BFBBB92A24B3AEB300906894 /* macOS */;
			targetProxy = BFBBB93F24B3AEB300906894 /* PBXContainerItemProxy */;
		};
/* End PBXTargetDependency section */

/* Begin XCBuildConfiguration section */
		BFBBB94B24B3AEB300906894 /* Debug */ = {
			isa = XCBuildConfiguration;
			buildSettings = {
				ALWAYS_SEARCH_USER_PATHS = NO;
				CLANG_ANALYZER_NONNULL = YES;
				CLANG_ANALYZER_NUMBER_OBJECT_CONVERSION = YES_AGGRESSIVE;
				CLANG_CXX_LANGUAGE_STANDARD = "gnu++14";
				CLANG_CXX_LIBRARY = "libc++";
				CLANG_ENABLE_MODULES = YES;
				CLANG_ENABLE_OBJC_ARC = YES;
				CLANG_ENABLE_OBJC_WEAK = YES;
				CLANG_WARN_BLOCK_CAPTURE_AUTORELEASING = YES;
				CLANG_WARN_BOOL_CONVERSION = YES;
				CLANG_WARN_COMMA = YES;
				CLANG_WARN_CONSTANT_CONVERSION = YES;
				CLANG_WARN_DEPRECATED_OBJC_IMPLEMENTATIONS = YES;
				CLANG_WARN_DIRECT_OBJC_ISA_USAGE = YES_ERROR;
				CLANG_WARN_DOCUMENTATION_COMMENTS = YES;
				CLANG_WARN_EMPTY_BODY = YES;
				CLANG_WARN_ENUM_CONVERSION = YES;
				CLANG_WARN_INFINITE_RECURSION = YES;
				CLANG_WARN_INT_CONVERSION = YES;
				CLANG_WARN_NON_LITERAL_NULL_CONVERSION = YES;
				CLANG_WARN_OBJC_IMPLICIT_RETAIN_SELF = YES;
				CLANG_WARN_OBJC_LITERAL_CONVERSION = YES;
				CLANG_WARN_OBJC_ROOT_CLASS = YES_ERROR;
				CLANG_WARN_QUOTED_INCLUDE_IN_FRAMEWORK_HEADER = YES;
				CLANG_WARN_RANGE_LOOP_ANALYSIS = YES;
				CLANG_WARN_STRICT_PROTOTYPES = YES;
				CLANG_WARN_SUSPICIOUS_MOVE = YES;
				CLANG_WARN_UNGUARDED_AVAILABILITY = YES_AGGRESSIVE;
				CLANG_WARN_UNREACHABLE_CODE = YES;
				CLANG_WARN__DUPLICATE_METHOD_MATCH = YES;
				COPY_PHASE_STRIP = NO;
				DEBUG_INFORMATION_FORMAT = dwarf;
				ENABLE_STRICT_OBJC_MSGSEND = YES;
				ENABLE_TESTABILITY = YES;
				GCC_C_LANGUAGE_STANDARD = gnu11;
				GCC_DYNAMIC_NO_PIC = NO;
				GCC_NO_COMMON_BLOCKS = YES;
				GCC_OPTIMIZATION_LEVEL = 0;
				GCC_PREPROCESSOR_DEFINITIONS = (
					"DEBUG=1",
					"$(inherited)",
				);
				GCC_WARN_64_TO_32_BIT_CONVERSION = YES;
				GCC_WARN_ABOUT_RETURN_TYPE = YES_ERROR;
				GCC_WARN_UNDECLARED_SELECTOR = YES;
				GCC_WARN_UNINITIALIZED_AUTOS = YES_AGGRESSIVE;
				GCC_WARN_UNUSED_FUNCTION = YES;
				GCC_WARN_UNUSED_VARIABLE = YES;
				MTL_ENABLE_DEBUG_INFO = INCLUDE_SOURCE;
				MTL_FAST_MATH = YES;
				ONLY_ACTIVE_ARCH = YES;
				SWIFT_ACTIVE_COMPILATION_CONDITIONS = DEBUG;
				SWIFT_OPTIMIZATION_LEVEL = "-Onone";
			};
			name = Debug;
		};
		BFBBB94C24B3AEB300906894 /* Release */ = {
			isa = XCBuildConfiguration;
			buildSettings = {
				ALWAYS_SEARCH_USER_PATHS = NO;
				CLANG_ANALYZER_NONNULL = YES;
				CLANG_ANALYZER_NUMBER_OBJECT_CONVERSION = YES_AGGRESSIVE;
				CLANG_CXX_LANGUAGE_STANDARD = "gnu++14";
				CLANG_CXX_LIBRARY = "libc++";
				CLANG_ENABLE_MODULES = YES;
				CLANG_ENABLE_OBJC_ARC = YES;
				CLANG_ENABLE_OBJC_WEAK = YES;
				CLANG_WARN_BLOCK_CAPTURE_AUTORELEASING = YES;
				CLANG_WARN_BOOL_CONVERSION = YES;
				CLANG_WARN_COMMA = YES;
				CLANG_WARN_CONSTANT_CONVERSION = YES;
				CLANG_WARN_DEPRECATED_OBJC_IMPLEMENTATIONS = YES;
				CLANG_WARN_DIRECT_OBJC_ISA_USAGE = YES_ERROR;
				CLANG_WARN_DOCUMENTATION_COMMENTS = YES;
				CLANG_WARN_EMPTY_BODY = YES;
				CLANG_WARN_ENUM_CONVERSION = YES;
				CLANG_WARN_INFINITE_RECURSION = YES;
				CLANG_WARN_INT_CONVERSION = YES;
				CLANG_WARN_NON_LITERAL_NULL_CONVERSION = YES;
				CLANG_WARN_OBJC_IMPLICIT_RETAIN_SELF = YES;
				CLANG_WARN_OBJC_LITERAL_CONVERSION = YES;
				CLANG_WARN_OBJC_ROOT_CLASS = YES_ERROR;
				CLANG_WARN_QUOTED_INCLUDE_IN_FRAMEWORK_HEADER = YES;
				CLANG_WARN_RANGE_LOOP_ANALYSIS = YES;
				CLANG_WARN_STRICT_PROTOTYPES = YES;
				CLANG_WARN_SUSPICIOUS_MOVE = YES;
				CLANG_WARN_UNGUARDED_AVAILABILITY = YES_AGGRESSIVE;
				CLANG_WARN_UNREACHABLE_CODE = YES;
				CLANG_WARN__DUPLICATE_METHOD_MATCH = YES;
				COPY_PHASE_STRIP = NO;
				DEBUG_INFORMATION_FORMAT = "dwarf-with-dsym";
				ENABLE_NS_ASSERTIONS = NO;
				ENABLE_STRICT_OBJC_MSGSEND = YES;
				GCC_C_LANGUAGE_STANDARD = gnu11;
				GCC_NO_COMMON_BLOCKS = YES;
				GCC_WARN_64_TO_32_BIT_CONVERSION = YES;
				GCC_WARN_ABOUT_RETURN_TYPE = YES_ERROR;
				GCC_WARN_UNDECLARED_SELECTOR = YES;
				GCC_WARN_UNINITIALIZED_AUTOS = YES_AGGRESSIVE;
				GCC_WARN_UNUSED_FUNCTION = YES;
				GCC_WARN_UNUSED_VARIABLE = YES;
				MTL_ENABLE_DEBUG_INFO = NO;
				MTL_FAST_MATH = YES;
				SWIFT_COMPILATION_MODE = wholemodule;
				SWIFT_OPTIMIZATION_LEVEL = "-O";
			};
			name = Release;
		};
		BFBBB94E24B3AEB300906894 /* Debug */ = {
			isa = XCBuildConfiguration;
			buildSettings = {
				ASSETCATALOG_COMPILER_APPICON_NAME = AppIcon;
				ASSETCATALOG_COMPILER_GLOBAL_ACCENT_COLOR_NAME = AccentColor;
				CODE_SIGN_STYLE = Automatic;
				ENABLE_PREVIEWS = YES;
				INFOPLIST_FILE = iOS/Info.plist;
				IPHONEOS_DEPLOYMENT_TARGET = 14.0;
				LD_RUNPATH_SEARCH_PATHS = (
					"$(inherited)",
					"@executable_path/Frameworks",
				);
				PRODUCT_BUNDLE_IDENTIFIER = supervino256.goshinApp;
				PRODUCT_NAME = goshinApp;
				SDKROOT = iphoneos;
				SWIFT_VERSION = 5.0;
				TARGETED_DEVICE_FAMILY = "1,2";
			};
			name = Debug;
		};
		BFBBB94F24B3AEB300906894 /* Release */ = {
			isa = XCBuildConfiguration;
			buildSettings = {
				ASSETCATALOG_COMPILER_APPICON_NAME = AppIcon;
				ASSETCATALOG_COMPILER_GLOBAL_ACCENT_COLOR_NAME = AccentColor;
				CODE_SIGN_STYLE = Automatic;
				ENABLE_PREVIEWS = YES;
				INFOPLIST_FILE = iOS/Info.plist;
				IPHONEOS_DEPLOYMENT_TARGET = 14.0;
				LD_RUNPATH_SEARCH_PATHS = (
					"$(inherited)",
					"@executable_path/Frameworks",
				);
				PRODUCT_BUNDLE_IDENTIFIER = supervino256.goshinApp;
				PRODUCT_NAME = goshinApp;
				SDKROOT = iphoneos;
				SWIFT_VERSION = 5.0;
				TARGETED_DEVICE_FAMILY = "1,2";
				VALIDATE_PRODUCT = YES;
			};
			name = Release;
		};
		BFBBB95124B3AEB300906894 /* Debug */ = {
			isa = XCBuildConfiguration;
			buildSettings = {
				ASSETCATALOG_COMPILER_APPICON_NAME = AppIcon;
				ASSETCATALOG_COMPILER_GLOBAL_ACCENT_COLOR_NAME = AccentColor;
				CODE_SIGN_ENTITLEMENTS = macOS/macOS.entitlements;
				CODE_SIGN_STYLE = Automatic;
				COMBINE_HIDPI_IMAGES = YES;
				ENABLE_PREVIEWS = YES;
				INFOPLIST_FILE = macOS/Info.plist;
				LD_RUNPATH_SEARCH_PATHS = (
					"$(inherited)",
					"@executable_path/../Frameworks",
				);
				MACOSX_DEPLOYMENT_TARGET = 10.16;
				PRODUCT_BUNDLE_IDENTIFIER = supervino256.goshinApp;
				PRODUCT_NAME = goshinApp;
				SDKROOT = macosx;
				SWIFT_VERSION = 5.0;
			};
			name = Debug;
		};
		BFBBB95224B3AEB300906894 /* Release */ = {
			isa = XCBuildConfiguration;
			buildSettings = {
				ASSETCATALOG_COMPILER_APPICON_NAME = AppIcon;
				ASSETCATALOG_COMPILER_GLOBAL_ACCENT_COLOR_NAME = AccentColor;
				CODE_SIGN_ENTITLEMENTS = macOS/macOS.entitlements;
				CODE_SIGN_STYLE = Automatic;
				COMBINE_HIDPI_IMAGES = YES;
				ENABLE_PREVIEWS = YES;
				INFOPLIST_FILE = macOS/Info.plist;
				LD_RUNPATH_SEARCH_PATHS = (
					"$(inherited)",
					"@executable_path/../Frameworks",
				);
				MACOSX_DEPLOYMENT_TARGET = 10.16;
				PRODUCT_BUNDLE_IDENTIFIER = supervino256.goshinApp;
				PRODUCT_NAME = goshinApp;
				SDKROOT = macosx;
				SWIFT_VERSION = 5.0;
			};
			name = Release;
		};
		BFBBB95424B3AEB300906894 /* Debug */ = {
			isa = XCBuildConfiguration;
			buildSettings = {
				ALWAYS_EMBED_SWIFT_STANDARD_LIBRARIES = YES;
				CODE_SIGN_STYLE = Automatic;
				INFOPLIST_FILE = "Tests iOS/Info.plist";
				IPHONEOS_DEPLOYMENT_TARGET = 14.0;
				LD_RUNPATH_SEARCH_PATHS = (
					"$(inherited)",
					"@executable_path/Frameworks",
					"@loader_path/Frameworks",
				);
				PRODUCT_BUNDLE_IDENTIFIER = "supervino256.Tests-iOS";
				PRODUCT_NAME = "$(TARGET_NAME)";
				SDKROOT = iphoneos;
				SWIFT_VERSION = 5.0;
				TARGETED_DEVICE_FAMILY = "1,2";
				TEST_TARGET_NAME = iOS;
			};
			name = Debug;
		};
		BFBBB95524B3AEB300906894 /* Release */ = {
			isa = XCBuildConfiguration;
			buildSettings = {
				ALWAYS_EMBED_SWIFT_STANDARD_LIBRARIES = YES;
				CODE_SIGN_STYLE = Automatic;
				INFOPLIST_FILE = "Tests iOS/Info.plist";
				IPHONEOS_DEPLOYMENT_TARGET = 14.0;
				LD_RUNPATH_SEARCH_PATHS = (
					"$(inherited)",
					"@executable_path/Frameworks",
					"@loader_path/Frameworks",
				);
				PRODUCT_BUNDLE_IDENTIFIER = "supervino256.Tests-iOS";
				PRODUCT_NAME = "$(TARGET_NAME)";
				SDKROOT = iphoneos;
				SWIFT_VERSION = 5.0;
				TARGETED_DEVICE_FAMILY = "1,2";
				TEST_TARGET_NAME = iOS;
				VALIDATE_PRODUCT = YES;
			};
			name = Release;
		};
		BFBBB95724B3AEB300906894 /* Debug */ = {
			isa = XCBuildConfiguration;
			buildSettings = {
				ALWAYS_EMBED_SWIFT_STANDARD_LIBRARIES = YES;
				CODE_SIGN_STYLE = Automatic;
				COMBINE_HIDPI_IMAGES = YES;
				INFOPLIST_FILE = "Tests macOS/Info.plist";
				LD_RUNPATH_SEARCH_PATHS = (
					"$(inherited)",
					"@executable_path/../Frameworks",
					"@loader_path/../Frameworks",
				);
				MACOSX_DEPLOYMENT_TARGET = 10.15;
				PRODUCT_BUNDLE_IDENTIFIER = "supervino256.Tests-macOS";
				PRODUCT_NAME = "$(TARGET_NAME)";
				SDKROOT = macosx;
				SWIFT_VERSION = 5.0;
				TEST_TARGET_NAME = macOS;
			};
			name = Debug;
		};
		BFBBB95824B3AEB300906894 /* Release */ = {
			isa = XCBuildConfiguration;
			buildSettings = {
				ALWAYS_EMBED_SWIFT_STANDARD_LIBRARIES = YES;
				CODE_SIGN_STYLE = Automatic;
				COMBINE_HIDPI_IMAGES = YES;
				INFOPLIST_FILE = "Tests macOS/Info.plist";
				LD_RUNPATH_SEARCH_PATHS = (
					"$(inherited)",
					"@executable_path/../Frameworks",
					"@loader_path/../Frameworks",
				);
				MACOSX_DEPLOYMENT_TARGET = 10.15;
				PRODUCT_BUNDLE_IDENTIFIER = "supervino256.Tests-macOS";
				PRODUCT_NAME = "$(TARGET_NAME)";
				SDKROOT = macosx;
				SWIFT_VERSION = 5.0;
				TEST_TARGET_NAME = macOS;
			};
			name = Release;
		};
/* End XCBuildConfiguration section */

/* Begin XCConfigurationList section */
		BFBBB91A24B3AEB200906894 /* Build configuration list for PBXProject "goshinApp" */ = {
			isa = XCConfigurationList;
			buildConfigurations = (
				BFBBB94B24B3AEB300906894 /* Debug */,
				BFBBB94C24B3AEB300906894 /* Release */,
			);
			defaultConfigurationIsVisible = 0;
			defaultConfigurationName = Release;
		};
		BFBBB94D24B3AEB300906894 /* Build configuration list for PBXNativeTarget "iOS" */ = {
			isa = XCConfigurationList;
			buildConfigurations = (
				BFBBB94E24B3AEB300906894 /* Debug */,
				BFBBB94F24B3AEB300906894 /* Release */,
			);
			defaultConfigurationIsVisible = 0;
			defaultConfigurationName = Release;
		};
		BFBBB95024B3AEB300906894 /* Build configuration list for PBXNativeTarget "macOS" */ = {
			isa = XCConfigurationList;
			buildConfigurations = (
				BFBBB95124B3AEB300906894 /* Debug */,
				BFBBB95224B3AEB300906894 /* Release */,
			);
			defaultConfigurationIsVisible = 0;
			defaultConfigurationName = Release;
		};
		BFBBB95324B3AEB300906894 /* Build configuration list for PBXNativeTarget "Tests iOS" */ = {
			isa = XCConfigurationList;
			buildConfigurations = (
				BFBBB95424B3AEB300906894 /* Debug */,
				BFBBB95524B3AEB300906894 /* Release */,
			);
			defaultConfigurationIsVisible = 0;
			defaultConfigurationName = Release;
		};
		BFBBB95624B3AEB300906894 /* Build configuration list for PBXNativeTarget "Tests macOS" */ = {
			isa = XCConfigurationList;
			buildConfigurations = (
				BFBBB95724B3AEB300906894 /* Debug */,
				BFBBB95824B3AEB300906894 /* Release */,
			);
			defaultConfigurationIsVisible = 0;
			defaultConfigurationName = Release;
		};
/* End XCConfigurationList section */
	};
	rootObject = BFBBB91724B3AEB200906894 /* Project object */;
}
